
Microsoft Visual Studio Solution File, Format Version 12.00
# Visual Studio Version 17
VisualStudioVersion = 17.8.34408.163
MinimumVisualStudioVersion = 10.0.40219.1
Project("{9A19103F-16F7-4668-BE54-9A1E7A4F7556}") = "CC31N-TeamVishnu", "CC31N-TeamVishnu\CC31N-TeamVishnu.csproj", "{D2DD520A-8259-4853-BD2E-7FF5A5018D84}"
EndProject
Project("{9A19103F-16F7-4668-BE54-9A1E7A4F7556}") = "Engine", "Engine\Engine.csproj", "{E747402B-296E-43F6-8168-E03C5232AB0D}"
EndProject
Project("{FAE04EC0-301F-11D3-BF4B-00C04F79EFBC}") = "TestEngine", "TestEngine\TestEngine.csproj", "{C6E3D7D1-AF23-4CE0-9E5D-9F73E7650953}"
EndProject
Global
	GlobalSection(SolutionConfigurationPlatforms) = preSolution
		Debug|Any CPU = Debug|Any CPU
		Release|Any CPU = Release|Any CPU
	EndGlobalSection
	GlobalSection(ProjectConfigurationPlatforms) = postSolution
		{D2DD520A-8259-4853-BD2E-7FF5A5018D84}.Debug|Any CPU.ActiveCfg = Debug|Any CPU
		{D2DD520A-8259-4853-BD2E-7FF5A5018D84}.Debug|Any CPU.Build.0 = Debug|Any CPU
		{D2DD520A-8259-4853-BD2E-7FF5A5018D84}.Release|Any CPU.ActiveCfg = Release|Any CPU
		{D2DD520A-8259-4853-BD2E-7FF5A5018D84}.Release|Any CPU.Build.0 = Release|Any CPU
		{E747402B-296E-43F6-8168-E03C5232AB0D}.Debug|Any CPU.ActiveCfg = Debug|Any CPU
		{E747402B-296E-43F6-8168-E03C5232AB0D}.Debug|Any CPU.Build.0 = Debug|Any CPU
		{E747402B-296E-43F6-8168-E03C5232AB0D}.Release|Any CPU.ActiveCfg = Release|Any CPU
		{E747402B-296E-43F6-8168-E03C5232AB0D}.Release|Any CPU.Build.0 = Release|Any CPU
		{C6E3D7D1-AF23-4CE0-9E5D-9F73E7650953}.Debug|Any CPU.ActiveCfg = Debug|Any CPU
		{C6E3D7D1-AF23-4CE0-9E5D-9F73E7650953}.Debug|Any CPU.Build.0 = Debug|Any CPU
		{C6E3D7D1-AF23-4CE0-9E5D-9F73E7650953}.Release|Any CPU.ActiveCfg = Release|Any CPU
		{C6E3D7D1-AF23-4CE0-9E5D-9F73E7650953}.Release|Any CPU.Build.0 = Release|Any CPU
	EndGlobalSection
	GlobalSection(SolutionProperties) = preSolution
		HideSolutionNode = FALSE
	EndGlobalSection
	GlobalSection(ExtensibilityGlobals) = postSolution
		SolutionGuid = {8A17B50A-0285-4A61-8F04-F004C0DF681B}
	EndGlobalSection
EndGlobal
